
Microsoft Visual Studio Solution File, Format Version 12.00
# Visual Studio Version 16
VisualStudioVersion = 16.0.31402.337
MinimumVisualStudioVersion = 10.0.40219.1
Project("{2150E333-8FDC-42A3-9474-1A3956D46DE8}") = "tests", "tests", "{B369782D-6415-4830-8475-3242FD086961}"
EndProject
Project("{2150E333-8FDC-42A3-9474-1A3956D46DE8}") = "src", "src", "{D055D091-F3EE-4B47-95E0-F12CE5B50FD2}"
EndProject
Project("{9A19103F-16F7-4668-BE54-9A1E7A4F7556}") = "Client", "src\Client\Client.csproj", "{66B03083-D1CC-4BF4-B0D9-71716DA14143}"
EndProject
Project("{9A19103F-16F7-4668-BE54-9A1E7A4F7556}") = "Domain", "src\Domain\Domain.csproj", "{DF01E5E3-ECE6-4436-9182-212C01F279C6}"
EndProject
Project("{9A19103F-16F7-4668-BE54-9A1E7A4F7556}") = "Server", "src\Server\Server.csproj", "{90DE0982-10C6-4810-BB82-75977D89C5DD}"
EndProject
Project("{9A19103F-16F7-4668-BE54-9A1E7A4F7556}") = "Server.Tests", "tests\Server.Tests\Server.Tests.csproj", "{6BA1326D-2AA0-43F3-81E5-BFBBCBC544A0}"
EndProject
Global
	GlobalSection(SolutionConfigurationPlatforms) = preSolution
		Debug|Any CPU = Debug|Any CPU
		Release|Any CPU = Release|Any CPU
	EndGlobalSection
	GlobalSection(ProjectConfigurationPlatforms) = postSolution
		{66B03083-D1CC-4BF4-B0D9-71716DA14143}.Debug|Any CPU.ActiveCfg = Debug|Any CPU
		{66B03083-D1CC-4BF4-B0D9-71716DA14143}.Debug|Any CPU.Build.0 = Debug|Any CPU
		{66B03083-D1CC-4BF4-B0D9-71716DA14143}.Release|Any CPU.ActiveCfg = Release|Any CPU
		{66B03083-D1CC-4BF4-B0D9-71716DA14143}.Release|Any CPU.Build.0 = Release|Any CPU
		{DF01E5E3-ECE6-4436-9182-212C01F279C6}.Debug|Any CPU.ActiveCfg = Debug|Any CPU
		{DF01E5E3-ECE6-4436-9182-212C01F279C6}.Debug|Any CPU.Build.0 = Debug|Any CPU
		{DF01E5E3-ECE6-4436-9182-212C01F279C6}.Release|Any CPU.ActiveCfg = Release|Any CPU
		{DF01E5E3-ECE6-4436-9182-212C01F279C6}.Release|Any CPU.Build.0 = Release|Any CPU
		{90DE0982-10C6-4810-BB82-75977D89C5DD}.Debug|Any CPU.ActiveCfg = Debug|Any CPU
		{90DE0982-10C6-4810-BB82-75977D89C5DD}.Debug|Any CPU.Build.0 = Debug|Any CPU
		{90DE0982-10C6-4810-BB82-75977D89C5DD}.Release|Any CPU.ActiveCfg = Release|Any CPU
		{90DE0982-10C6-4810-BB82-75977D89C5DD}.Release|Any CPU.Build.0 = Release|Any CPU
		{6BA1326D-2AA0-43F3-81E5-BFBBCBC544A0}.Debug|Any CPU.ActiveCfg = Debug|Any CPU
		{6BA1326D-2AA0-43F3-81E5-BFBBCBC544A0}.Debug|Any CPU.Build.0 = Debug|Any CPU
		{6BA1326D-2AA0-43F3-81E5-BFBBCBC544A0}.Release|Any CPU.ActiveCfg = Release|Any CPU
		{6BA1326D-2AA0-43F3-81E5-BFBBCBC544A0}.Release|Any CPU.Build.0 = Release|Any CPU
	EndGlobalSection
	GlobalSection(SolutionProperties) = preSolution
		HideSolutionNode = FALSE
	EndGlobalSection
	GlobalSection(NestedProjects) = preSolution
		{66B03083-D1CC-4BF4-B0D9-71716DA14143} = {D055D091-F3EE-4B47-95E0-F12CE5B50FD2}
		{DF01E5E3-ECE6-4436-9182-212C01F279C6} = {D055D091-F3EE-4B47-95E0-F12CE5B50FD2}
		{90DE0982-10C6-4810-BB82-75977D89C5DD} = {D055D091-F3EE-4B47-95E0-F12CE5B50FD2}
		{6BA1326D-2AA0-43F3-81E5-BFBBCBC544A0} = {B369782D-6415-4830-8475-3242FD086961}
	EndGlobalSection
	GlobalSection(ExtensibilityGlobals) = postSolution
		SolutionGuid = {B23C4C0C-A3E2-4179-A71C-36B4C96CA125}
	EndGlobalSection
EndGlobal
